
Microsoft Visual Studio Solution File, Format Version 12.00
# Visual Studio Version 17
VisualStudioVersion = 17.9.34616.47
MinimumVisualStudioVersion = 10.0.40219.1
Project("{FAE04EC0-301F-11D3-BF4B-00C04F79EFBC}") = "password_generation", "password_generation.csproj", "{CE8A3005-DB73-4BAB-A8A2-EBB8E3D40D87}"
EndProject
Global
	GlobalSection(SolutionConfigurationPlatforms) = preSolution
		Debug|Any CPU = Debug|Any CPU
		Release|Any CPU = Release|Any CPU
	EndGlobalSection
	GlobalSection(ProjectConfigurationPlatforms) = postSolution
		{CE8A3005-DB73-4BAB-A8A2-EBB8E3D40D87}.Debug|Any CPU.ActiveCfg = Debug|Any CPU
		{CE8A3005-DB73-4BAB-A8A2-EBB8E3D40D87}.Debug|Any CPU.Build.0 = Debug|Any CPU
		{CE8A3005-DB73-4BAB-A8A2-EBB8E3D40D87}.Release|Any CPU.ActiveCfg = Release|Any CPU
		{CE8A3005-DB73-4BAB-A8A2-EBB8E3D40D87}.Release|Any CPU.Build.0 = Release|Any CPU
	EndGlobalSection
	GlobalSection(SolutionProperties) = preSolution
		HideSolutionNode = FALSE
	EndGlobalSection
	GlobalSection(ExtensibilityGlobals) = postSolution
		SolutionGuid = {26625EA9-8F2F-4A85-B16B-194AB8F2985A}
	EndGlobalSection
EndGlobal
